
Microsoft Visual Studio Solution File, Format Version 12.00
# Visual Studio Version 17
VisualStudioVersion = 17.5.002.0
MinimumVisualStudioVersion = 10.0.40219.1
Project("{9A19103F-16F7-4668-BE54-9A1E7A4F7556}") = "SiteImprove.Optimizely.Plugin", "SiteImprove.Optimizely.Plugin.csproj", "{9B75A5BD-298D-46E2-BE37-E54795E8F498}"
EndProject
Global
	GlobalSection(SolutionConfigurationPlatforms) = preSolution
		Debug|Any CPU = Debug|Any CPU
		Release|Any CPU = Release|Any CPU
	EndGlobalSection
	GlobalSection(ProjectConfigurationPlatforms) = postSolution
		{9B75A5BD-298D-46E2-BE37-E54795E8F498}.Debug|Any CPU.ActiveCfg = Debug|Any CPU
		{9B75A5BD-298D-46E2-BE37-E54795E8F498}.Debug|Any CPU.Build.0 = Debug|Any CPU
		{9B75A5BD-298D-46E2-BE37-E54795E8F498}.Release|Any CPU.ActiveCfg = Release|Any CPU
		{9B75A5BD-298D-46E2-BE37-E54795E8F498}.Release|Any CPU.Build.0 = Release|Any CPU
	EndGlobalSection
	GlobalSection(SolutionProperties) = preSolution
		HideSolutionNode = FALSE
	EndGlobalSection
	GlobalSection(ExtensibilityGlobals) = postSolution
		SolutionGuid = {E6C27239-F6FC-4587-9250-1ACBADBE7431}
	EndGlobalSection
EndGlobal
